{
  "name": "public",
  "version": "1.0.0",
  "lockfileVersion": 1,
  "requires": true,
  "dependencies": {
    "bootstrap-select": {
      "version": "1.13.17",
      "resolved": "https://registry.npmjs.org/bootstrap-select/-/bootstrap-select-1.13.17.tgz",
      "integrity": "sha512-LbzSQumoZNYGuoYMpShKIHbJ2qUWFLI0qVHVeKqw5+nfhtMxz+Gre1+IuI3X74bTzQfalBqDKc8fS8tZMdciWg=="
    }
  }
}
